dependencies:
- name: exastro-it-automation
  repository: file://../exastro-it-automation
  version: 2.6.2
- name: exastro-platform
  repository: file://../exastro-platform
  version: 1.10.5
digest: sha256:cf1bbd53af61d00d262a697f683c90790fbcc3aa97c92d45360013bbe3afc057
generated: "2025-08-25T08:48:13.964889476+09:00"
