dependencies:
- name: exastro-it-automation
  repository: file://../exastro-it-automation
  version: 2.4.4
- name: exastro-platform
  repository: file://../exastro-platform
  version: 1.8.8
digest: sha256:7f81af637bb466aaea3c004477c8f3a54c0645567548a13299b57ec66c11b6cd
generated: "2024-07-29T15:29:56.646975394+09:00"
